
Microsoft Visual Studio Solution File, Format Version 12.00
# Visual Studio Version 17
VisualStudioVersion = 17.9.34701.34
MinimumVisualStudioVersion = 10.0.40219.1
Project("{FAE04EC0-301F-11D3-BF4B-00C04F79EFBC}") = "YiYunWechat", "YiYunWechat\YiYunWechat.csproj", "{FDE734C4-74CE-4D98-93D4-0320F940EB4C}"
EndProject
Project("{FAE04EC0-301F-11D3-BF4B-00C04F79EFBC}") = "Common", "Common\Common.csproj", "{FAE55435-985C-4D72-A076-A892B21DCE82}"
EndProject
Project("{FAE04EC0-301F-11D3-BF4B-00C04F79EFBC}") = "Senparc.Weixin", "Senparc.Weixin\Senparc.Weixin.csproj", "{814092CD-9CD0-4FB7-91E8-D147F476F1FB}"
EndProject
Project("{FAE04EC0-301F-11D3-BF4B-00C04F79EFBC}") = "Senparc.Weixin.MP", "Senparc.Weixin.MP\Senparc.Weixin.MP.csproj", "{1D815FBF-451C-4E23-939C-CB80172F445C}"
EndProject
Project("{FAE04EC0-301F-11D3-BF4B-00C04F79EFBC}") = "Senparc.Weixin.MP.MvcExtension", "Senparc.Weixin.MP.MvcExtension\Senparc.Weixin.MP.MvcExtension.csproj", "{EE8630BC-6191-4C40-9061-12C76342562D}"
EndProject
Project("{FAE04EC0-301F-11D3-BF4B-00C04F79EFBC}") = "YiYunWeChat.Auth", "YiYunWeChat.Auth\YiYunWeChat.Auth.csproj", "{88FDB3BC-28CE-48E0-824A-8322BAEF5CA5}"
EndProject
Project("{2150E333-8FDC-42A3-9474-1A3956D46DE8}") = "YiYun.Entity", "YiYun.Entity", "{D3146086-AF91-4C24-826F-962D261DA465}"
EndProject
Project("{2150E333-8FDC-42A3-9474-1A3956D46DE8}") = "YiYun.Data", "YiYun.Data", "{6A99DF76-FB8B-4CC1-B450-29D4D36B63D0}"
EndProject
Project("{2150E333-8FDC-42A3-9474-1A3956D46DE8}") = "YiYun.Bs", "YiYun.Bs", "{08C2C4A2-E530-42F1-BABB-41AB4FB7679D}"
EndProject
Project("{FAE04EC0-301F-11D3-BF4B-00C04F79EFBC}") = "YiYun.Entity", "YiYun.Entity\YiYun.Entity.csproj", "{664D5E81-6D8A-4993-A89D-DC8876C40061}"
EndProject
Project("{FAE04EC0-301F-11D3-BF4B-00C04F79EFBC}") = "YiYun.Data", "YiYun.Data\YiYun.Data.csproj", "{2CE47B83-8D39-440D-B099-2BE838B9E3BF}"
EndProject
Project("{FAE04EC0-301F-11D3-BF4B-00C04F79EFBC}") = "YiYun.Bs", "YiYun.Bs\YiYun.Bs.csproj", "{1EB9EDD0-8BCB-4620-B17F-BD2C50C01A25}"
EndProject
Global
	GlobalSection(SolutionConfigurationPlatforms) = preSolution
		Debug|Any CPU = Debug|Any CPU
		Debug|x86 = Debug|x86
		Release|Any CPU = Release|Any CPU
		Release|x86 = Release|x86
		Test|Any CPU = Test|Any CPU
		Test|x86 = Test|x86
	EndGlobalSection
	GlobalSection(ProjectConfigurationPlatforms) = postSolution
		{FDE734C4-74CE-4D98-93D4-0320F940EB4C}.Debug|Any CPU.ActiveCfg = Debug|Any CPU
		{FDE734C4-74CE-4D98-93D4-0320F940EB4C}.Debug|Any CPU.Build.0 = Debug|Any CPU
		{FDE734C4-74CE-4D98-93D4-0320F940EB4C}.Debug|x86.ActiveCfg = Debug|Any CPU
		{FDE734C4-74CE-4D98-93D4-0320F940EB4C}.Debug|x86.Build.0 = Debug|Any CPU
		{FDE734C4-74CE-4D98-93D4-0320F940EB4C}.Release|Any CPU.ActiveCfg = Release|Any CPU
		{FDE734C4-74CE-4D98-93D4-0320F940EB4C}.Release|Any CPU.Build.0 = Release|Any CPU
		{FDE734C4-74CE-4D98-93D4-0320F940EB4C}.Release|x86.ActiveCfg = Release|Any CPU
		{FDE734C4-74CE-4D98-93D4-0320F940EB4C}.Release|x86.Build.0 = Release|Any CPU
		{FDE734C4-74CE-4D98-93D4-0320F940EB4C}.Test|Any CPU.ActiveCfg = Debug|Any CPU
		{FDE734C4-74CE-4D98-93D4-0320F940EB4C}.Test|Any CPU.Build.0 = Debug|Any CPU
		{FDE734C4-74CE-4D98-93D4-0320F940EB4C}.Test|x86.ActiveCfg = Debug|Any CPU
		{FDE734C4-74CE-4D98-93D4-0320F940EB4C}.Test|x86.Build.0 = Debug|Any CPU
		{FAE55435-985C-4D72-A076-A892B21DCE82}.Debug|Any CPU.ActiveCfg = Debug|Any CPU
		{FAE55435-985C-4D72-A076-A892B21DCE82}.Debug|Any CPU.Build.0 = Debug|Any CPU
		{FAE55435-985C-4D72-A076-A892B21DCE82}.Debug|x86.ActiveCfg = Debug|Any CPU
		{FAE55435-985C-4D72-A076-A892B21DCE82}.Debug|x86.Build.0 = Debug|Any CPU
		{FAE55435-985C-4D72-A076-A892B21DCE82}.Release|Any CPU.ActiveCfg = Release|Any CPU
		{FAE55435-985C-4D72-A076-A892B21DCE82}.Release|Any CPU.Build.0 = Release|Any CPU
		{FAE55435-985C-4D72-A076-A892B21DCE82}.Release|x86.ActiveCfg = Release|Any CPU
		{FAE55435-985C-4D72-A076-A892B21DCE82}.Release|x86.Build.0 = Release|Any CPU
		{FAE55435-985C-4D72-A076-A892B21DCE82}.Test|Any CPU.ActiveCfg = Debug|Any CPU
		{FAE55435-985C-4D72-A076-A892B21DCE82}.Test|Any CPU.Build.0 = Debug|Any CPU
		{FAE55435-985C-4D72-A076-A892B21DCE82}.Test|x86.ActiveCfg = Debug|Any CPU
		{FAE55435-985C-4D72-A076-A892B21DCE82}.Test|x86.Build.0 = Debug|Any CPU
		{814092CD-9CD0-4FB7-91E8-D147F476F1FB}.Debug|Any CPU.ActiveCfg = Debug|Any CPU
		{814092CD-9CD0-4FB7-91E8-D147F476F1FB}.Debug|Any CPU.Build.0 = Debug|Any CPU
		{814092CD-9CD0-4FB7-91E8-D147F476F1FB}.Debug|x86.ActiveCfg = Debug|x86
		{814092CD-9CD0-4FB7-91E8-D147F476F1FB}.Debug|x86.Build.0 = Debug|x86
		{814092CD-9CD0-4FB7-91E8-D147F476F1FB}.Release|Any CPU.ActiveCfg = Release|Any CPU
		{814092CD-9CD0-4FB7-91E8-D147F476F1FB}.Release|Any CPU.Build.0 = Release|Any CPU
		{814092CD-9CD0-4FB7-91E8-D147F476F1FB}.Release|x86.ActiveCfg = Release|x86
		{814092CD-9CD0-4FB7-91E8-D147F476F1FB}.Release|x86.Build.0 = Release|x86
		{814092CD-9CD0-4FB7-91E8-D147F476F1FB}.Test|Any CPU.ActiveCfg = Test|Any CPU
		{814092CD-9CD0-4FB7-91E8-D147F476F1FB}.Test|Any CPU.Build.0 = Test|Any CPU
		{814092CD-9CD0-4FB7-91E8-D147F476F1FB}.Test|x86.ActiveCfg = Test|x86
		{814092CD-9CD0-4FB7-91E8-D147F476F1FB}.Test|x86.Build.0 = Test|x86
		{1D815FBF-451C-4E23-939C-CB80172F445C}.Debug|Any CPU.ActiveCfg = Debug|Any CPU
		{1D815FBF-451C-4E23-939C-CB80172F445C}.Debug|Any CPU.Build.0 = Debug|Any CPU
		{1D815FBF-451C-4E23-939C-CB80172F445C}.Debug|x86.ActiveCfg = Debug|x86
		{1D815FBF-451C-4E23-939C-CB80172F445C}.Debug|x86.Build.0 = Debug|x86
		{1D815FBF-451C-4E23-939C-CB80172F445C}.Release|Any CPU.ActiveCfg = Release|Any CPU
		{1D815FBF-451C-4E23-939C-CB80172F445C}.Release|Any CPU.Build.0 = Release|Any CPU
		{1D815FBF-451C-4E23-939C-CB80172F445C}.Release|x86.ActiveCfg = Release|x86
		{1D815FBF-451C-4E23-939C-CB80172F445C}.Release|x86.Build.0 = Release|x86
		{1D815FBF-451C-4E23-939C-CB80172F445C}.Test|Any CPU.ActiveCfg = Test|Any CPU
		{1D815FBF-451C-4E23-939C-CB80172F445C}.Test|Any CPU.Build.0 = Test|Any CPU
		{1D815FBF-451C-4E23-939C-CB80172F445C}.Test|x86.ActiveCfg = Test|x86
		{1D815FBF-451C-4E23-939C-CB80172F445C}.Test|x86.Build.0 = Test|x86
		{EE8630BC-6191-4C40-9061-12C76342562D}.Debug|Any CPU.ActiveCfg = Debug|Any CPU
		{EE8630BC-6191-4C40-9061-12C76342562D}.Debug|Any CPU.Build.0 = Debug|Any CPU
		{EE8630BC-6191-4C40-9061-12C76342562D}.Debug|x86.ActiveCfg = Debug|x86
		{EE8630BC-6191-4C40-9061-12C76342562D}.Debug|x86.Build.0 = Debug|x86
		{EE8630BC-6191-4C40-9061-12C76342562D}.Release|Any CPU.ActiveCfg = Release|Any CPU
		{EE8630BC-6191-4C40-9061-12C76342562D}.Release|Any CPU.Build.0 = Release|Any CPU
		{EE8630BC-6191-4C40-9061-12C76342562D}.Release|x86.ActiveCfg = Release|x86
		{EE8630BC-6191-4C40-9061-12C76342562D}.Release|x86.Build.0 = Release|x86
		{EE8630BC-6191-4C40-9061-12C76342562D}.Test|Any CPU.ActiveCfg = Debug|Any CPU
		{EE8630BC-6191-4C40-9061-12C76342562D}.Test|Any CPU.Build.0 = Debug|Any CPU
		{EE8630BC-6191-4C40-9061-12C76342562D}.Test|x86.ActiveCfg = Debug|x86
		{EE8630BC-6191-4C40-9061-12C76342562D}.Test|x86.Build.0 = Debug|x86
		{88FDB3BC-28CE-48E0-824A-8322BAEF5CA5}.Debug|Any CPU.ActiveCfg = Debug|Any CPU
		{88FDB3BC-28CE-48E0-824A-8322BAEF5CA5}.Debug|Any CPU.Build.0 = Debug|Any CPU
		{88FDB3BC-28CE-48E0-824A-8322BAEF5CA5}.Debug|x86.ActiveCfg = Debug|Any CPU
		{88FDB3BC-28CE-48E0-824A-8322BAEF5CA5}.Debug|x86.Build.0 = Debug|Any CPU
		{88FDB3BC-28CE-48E0-824A-8322BAEF5CA5}.Release|Any CPU.ActiveCfg = Release|Any CPU
		{88FDB3BC-28CE-48E0-824A-8322BAEF5CA5}.Release|Any CPU.Build.0 = Release|Any CPU
		{88FDB3BC-28CE-48E0-824A-8322BAEF5CA5}.Release|x86.ActiveCfg = Release|Any CPU
		{88FDB3BC-28CE-48E0-824A-8322BAEF5CA5}.Release|x86.Build.0 = Release|Any CPU
		{88FDB3BC-28CE-48E0-824A-8322BAEF5CA5}.Test|Any CPU.ActiveCfg = Debug|Any CPU
		{88FDB3BC-28CE-48E0-824A-8322BAEF5CA5}.Test|Any CPU.Build.0 = Debug|Any CPU
		{88FDB3BC-28CE-48E0-824A-8322BAEF5CA5}.Test|x86.ActiveCfg = Debug|Any CPU
		{88FDB3BC-28CE-48E0-824A-8322BAEF5CA5}.Test|x86.Build.0 = Debug|Any CPU
		{664D5E81-6D8A-4993-A89D-DC8876C40061}.Debug|Any CPU.ActiveCfg = Debug|Any CPU
		{664D5E81-6D8A-4993-A89D-DC8876C40061}.Debug|Any CPU.Build.0 = Debug|Any CPU
		{664D5E81-6D8A-4993-A89D-DC8876C40061}.Debug|x86.ActiveCfg = Debug|Any CPU
		{664D5E81-6D8A-4993-A89D-DC8876C40061}.Debug|x86.Build.0 = Debug|Any CPU
		{664D5E81-6D8A-4993-A89D-DC8876C40061}.Release|Any CPU.ActiveCfg = Release|Any CPU
		{664D5E81-6D8A-4993-A89D-DC8876C40061}.Release|Any CPU.Build.0 = Release|Any CPU
		{664D5E81-6D8A-4993-A89D-DC8876C40061}.Release|x86.ActiveCfg = Release|Any CPU
		{664D5E81-6D8A-4993-A89D-DC8876C40061}.Release|x86.Build.0 = Release|Any CPU
		{664D5E81-6D8A-4993-A89D-DC8876C40061}.Test|Any CPU.ActiveCfg = Debug|Any CPU
		{664D5E81-6D8A-4993-A89D-DC8876C40061}.Test|Any CPU.Build.0 = Debug|Any CPU
		{664D5E81-6D8A-4993-A89D-DC8876C40061}.Test|x86.ActiveCfg = Debug|Any CPU
		{664D5E81-6D8A-4993-A89D-DC8876C40061}.Test|x86.Build.0 = Debug|Any CPU
		{2CE47B83-8D39-440D-B099-2BE838B9E3BF}.Debug|Any CPU.ActiveCfg = Debug|Any CPU
		{2CE47B83-8D39-440D-B099-2BE838B9E3BF}.Debug|Any CPU.Build.0 = Debug|Any CPU
		{2CE47B83-8D39-440D-B099-2BE838B9E3BF}.Debug|x86.ActiveCfg = Debug|Any CPU
		{2CE47B83-8D39-440D-B099-2BE838B9E3BF}.Debug|x86.Build.0 = Debug|Any CPU
		{2CE47B83-8D39-440D-B099-2BE838B9E3BF}.Release|Any CPU.ActiveCfg = Release|Any CPU
		{2CE47B83-8D39-440D-B099-2BE838B9E3BF}.Release|Any CPU.Build.0 = Release|Any CPU
		{2CE47B83-8D39-440D-B099-2BE838B9E3BF}.Release|x86.ActiveCfg = Release|Any CPU
		{2CE47B83-8D39-440D-B099-2BE838B9E3BF}.Release|x86.Build.0 = Release|Any CPU
		{2CE47B83-8D39-440D-B099-2BE838B9E3BF}.Test|Any CPU.ActiveCfg = Debug|Any CPU
		{2CE47B83-8D39-440D-B099-2BE838B9E3BF}.Test|Any CPU.Build.0 = Debug|Any CPU
		{2CE47B83-8D39-440D-B099-2BE838B9E3BF}.Test|x86.ActiveCfg = Debug|Any CPU
		{2CE47B83-8D39-440D-B099-2BE838B9E3BF}.Test|x86.Build.0 = Debug|Any CPU
		{1EB9EDD0-8BCB-4620-B17F-BD2C50C01A25}.Debug|Any CPU.ActiveCfg = Debug|Any CPU
		{1EB9EDD0-8BCB-4620-B17F-BD2C50C01A25}.Debug|Any CPU.Build.0 = Debug|Any CPU
		{1EB9EDD0-8BCB-4620-B17F-BD2C50C01A25}.Debug|x86.ActiveCfg = Debug|Any CPU
		{1EB9EDD0-8BCB-4620-B17F-BD2C50C01A25}.Debug|x86.Build.0 = Debug|Any CPU
		{1EB9EDD0-8BCB-4620-B17F-BD2C50C01A25}.Release|Any CPU.ActiveCfg = Release|Any CPU
		{1EB9EDD0-8BCB-4620-B17F-BD2C50C01A25}.Release|Any CPU.Build.0 = Release|Any CPU
		{1EB9EDD0-8BCB-4620-B17F-BD2C50C01A25}.Release|x86.ActiveCfg = Release|Any CPU
		{1EB9EDD0-8BCB-4620-B17F-BD2C50C01A25}.Release|x86.Build.0 = Release|Any CPU
		{1EB9EDD0-8BCB-4620-B17F-BD2C50C01A25}.Test|Any CPU.ActiveCfg = Debug|Any CPU
		{1EB9EDD0-8BCB-4620-B17F-BD2C50C01A25}.Test|Any CPU.Build.0 = Debug|Any CPU
		{1EB9EDD0-8BCB-4620-B17F-BD2C50C01A25}.Test|x86.ActiveCfg = Debug|Any CPU
		{1EB9EDD0-8BCB-4620-B17F-BD2C50C01A25}.Test|x86.Build.0 = Debug|Any CPU
	EndGlobalSection
	GlobalSection(SolutionProperties) = preSolution
		HideSolutionNode = FALSE
	EndGlobalSection
	GlobalSection(NestedProjects) = preSolution
		{664D5E81-6D8A-4993-A89D-DC8876C40061} = {D3146086-AF91-4C24-826F-962D261DA465}
		{2CE47B83-8D39-440D-B099-2BE838B9E3BF} = {6A99DF76-FB8B-4CC1-B450-29D4D36B63D0}
		{1EB9EDD0-8BCB-4620-B17F-BD2C50C01A25} = {08C2C4A2-E530-42F1-BABB-41AB4FB7679D}
	EndGlobalSection
	GlobalSection(ExtensibilityGlobals) = postSolution
		SolutionGuid = {68086B07-ECBF-4D46-96C2-5FCE9B9B3EF2}
	EndGlobalSection
EndGlobal
